
Microsoft Visual Studio Solution File, Format Version 12.00
# Visual Studio 15
VisualStudioVersion = 15.0.26923.0
MinimumVisualStudioVersion = 10.0.40219.1
Project("{9A19103F-16F7-4668-BE54-9A1E7A4F7556}") = "PACTool", "PACExtract\PACTool.csproj", "{EB3FCF1E-78CA-43E9-AB81-E4FE8FA94E3D}"
EndProject
Global
	GlobalSection(SolutionConfigurationPlatforms) = preSolution
		Debug|Any CPU = Debug|Any CPU
		Release|Any CPU = Release|Any CPU
	EndGlobalSection
	GlobalSection(ProjectConfigurationPlatforms) = postSolution
		{EB3FCF1E-78CA-43E9-AB81-E4FE8FA94E3D}.Debug|Any CPU.ActiveCfg = Debug|Any CPU
		{EB3FCF1E-78CA-43E9-AB81-E4FE8FA94E3D}.Debug|Any CPU.Build.0 = Debug|Any CPU
		{EB3FCF1E-78CA-43E9-AB81-E4FE8FA94E3D}.Release|Any CPU.ActiveCfg = Release|Any CPU
		{EB3FCF1E-78CA-43E9-AB81-E4FE8FA94E3D}.Release|Any CPU.Build.0 = Release|Any CPU
	EndGlobalSection
	GlobalSection(SolutionProperties) = preSolution
		HideSolutionNode = FALSE
	EndGlobalSection
	GlobalSection(ExtensibilityGlobals) = postSolution
		SolutionGuid = {708FBB5E-7B04-4172-B895-9CBA2C548166}
	EndGlobalSection
EndGlobal
